// !$*UTF8*$!
{
	archiveVersion = 1;
	classes = {
	};
	objectVersion = 46;
	objects = {

/* Begin PBXBuildFile section */
		DF22E3141D6D78EA0005ABAE /* AppDelegate.swift in Sources */ = {isa = PBXBuildFile; fileRef = DF22E3131D6D78EA0005ABAE /* AppDelegate.swift */; };
		DF22E3161D6D78EA0005ABAE /* ViewController.swift in Sources */ = {isa = PBXBuildFile; fileRef = DF22E3151D6D78EA0005ABAE /* ViewController.swift */; };
		DF22E3191D6D78EA0005ABAE /* Main.storyboard in Resources */ = {isa = PBXBuildFile; fileRef = DF22E3171D6D78EA0005ABAE /* Main.storyboard */; };
		DF22E31B1D6D78EA0005ABAE /* Assets.xcassets in Resources */ = {isa = PBXBuildFile; fileRef = DF22E31A1D6D78EA0005ABAE /* Assets.xcassets */; };
		DF22E31E1D6D78EA0005ABAE /* LaunchScreen.storyboard in Resources */ = {isa = PBXBuildFile; fileRef = DF22E31C1D6D78EA0005ABAE /* LaunchScreen.storyboard */; };
		DF22E3291D6D78EA0005ABAE /* TomTests.swift in Sources */ = {isa = PBXBuildFile; fileRef = DF22E3281D6D78EA0005ABAE /* TomTests.swift */; };
/* End PBXBuildFile section */

/* Begin PBXContainerItemProxy section */
		DF22E3251D6D78EA0005ABAE /* PBXContainerItemProxy */ = {
			isa = PBXContainerItemProxy;
			containerPortal = DF22E3081D6D78EA0005ABAE /* Project object */;
			proxyType = 1;
			remoteGlobalIDString = DF22E30F1D6D78EA0005ABAE;
			remoteInfo = Tom;
		};
/* End PBXContainerItemProxy section */

/* Begin PBXFileReference section */
		DF22E3101D6D78EA0005ABAE /* Tom.app */ = {isa = PBXFileReference; explicitFileType = wrapper.application; includeInIndex = 0; path = Tom.app; sourceTree = BUILT_PRODUCTS_DIR; };
		DF22E3131D6D78EA0005ABAE /* AppDelegate.swift */ = {isa = PBXFileReference; lastKnownFileType = sourcecode.swift; path = AppDelegate.swift; sourceTree = "<group>"; };
		DF22E3151D6D78EA0005ABAE /* ViewController.swift */ = {isa = PBXFileReference; lastKnownFileType = sourcecode.swift; path = ViewController.swift; sourceTree = "<group>"; };
		DF22E3181D6D78EA0005ABAE /* Base */ = {isa = PBXFileReference; lastKnownFileType = file.storyboard; name = Base; path = Base.lproj/Main.storyboard; sourceTree = "<group>"; };
		DF22E31A1D6D78EA0005ABAE /* Assets.xcassets */ = {isa = PBXFileReference; lastKnownFileType = folder.assetcatalog; path = Assets.xcassets; sourceTree = "<group>"; };
		DF22E31D1D6D78EA0005ABAE /* Base */ = {isa = PBXFileReference; lastKnownFileType = file.storyboard; name = Base; path = Base.lproj/LaunchScreen.storyboard; sourceTree = "<group>"; };
		DF22E31F1D6D78EA0005ABAE /* Info.plist */ = {isa = PBXFileReference; lastKnownFileType = text.plist.xml; path = Info.plist; sourceTree = "<group>"; };
		DF22E3241D6D78EA0005ABAE /* TomTests.xctest */ = {isa = PBXFileReference; explicitFileType = wrapper.cfbundle; includeInIndex = 0; path = TomTests.xctest; sourceTree = BUILT_PRODUCTS_DIR; };
		DF22E3281D6D78EA0005ABAE /* TomTests.swift */ = {isa = PBXFileReference; lastKnownFileType = sourcecode.swift; path = TomTests.swift; sourceTree = "<group>"; };
		DF22E32A1D6D78EA0005ABAE /* Info.plist */ = {isa = PBXFileReference; lastKnownFileType = text.plist.xml; path = Info.plist; sourceTree = "<group>"; };
/* End PBXFileReference section */

/* Begin PBXFrameworksBuildPhase section */
		DF22E30D1D6D78EA0005ABAE /* Frameworks */ = {
			isa = PBXFrameworksBuildPhase;
			buildActionMask = 2147483647;
			files = (
			);
			runOnlyForDeploymentPostprocessing = 0;
		};
		DF22E3211D6D78EA0005ABAE /* Frameworks */ = {
			isa = PBXFrameworksBuildPhase;
			buildActionMask = 2147483647;
			files = (
			);
			runOnlyForDeploymentPostprocessing = 0;
		};
/* End PBXFrameworksBuildPhase section */

/* Begin PBXGroup section */
		DF22E3071D6D78EA0005ABAE = {
			isa = PBXGroup;
			children = (
				DF22E3121D6D78EA0005ABAE /* Tom */,
				DF22E3271D6D78EA0005ABAE /* TomTests */,
				DF22E3111D6D78EA0005ABAE /* Products */,
			);
			sourceTree = "<group>";
		};
		DF22E3111D6D78EA0005ABAE /* Products */ = {
			isa = PBXGroup;
			children = (
				DF22E3101D6D78EA0005ABAE /* Tom.app */,
				DF22E3241D6D78EA0005ABAE /* TomTests.xctest */,
			);
			name = Products;
			sourceTree = "<group>";
		};
		DF22E3121D6D78EA0005ABAE /* Tom */ = {
			isa = PBXGroup;
			children = (
				DF22E3131D6D78EA0005ABAE /* AppDelegate.swift */,
				DF22E3151D6D78EA0005ABAE /* ViewController.swift */,
				DF22E3171D6D78EA0005ABAE /* Main.storyboard */,
				DF22E31A1D6D78EA0005ABAE /* Assets.xcassets */,
				DF22E31C1D6D78EA0005ABAE /* LaunchScreen.storyboard */,
				DF22E31F1D6D78EA0005ABAE /* Info.plist */,
			);
			path = Tom;
			sourceTree = "<group>";
		};
		DF22E3271D6D78EA0005ABAE /* TomTests */ = {
			isa = PBXGroup;
			children = (
				DF22E3281D6D78EA0005ABAE /* TomTests.swift */,
				DF22E32A1D6D78EA0005ABAE /* Info.plist */,
			);
			path = TomTests;
			sourceTree = "<group>";
		};
/* End PBXGroup section */

/* Begin PBXNativeTarget section */
		DF22E30F1D6D78EA0005ABAE /* Tom */ = {
			isa = PBXNativeTarget;
			buildConfigurationList = DF22E32D1D6D78EA0005ABAE /* Build configuration list for PBXNativeTarget "Tom" */;
			buildPhases = (
				DF22E30C1D6D78EA0005ABAE /* Sources */,
				DF22E30D1D6D78EA0005ABAE /* Frameworks */,
				DF22E30E1D6D78EA0005ABAE /* Resources */,
			);
			buildRules = (
			);
			dependencies = (
			);
			name = Tom;
			productName = Tom;
			productReference = DF22E3101D6D78EA0005ABAE /* Tom.app */;
			productType = "com.apple.product-type.application";
		};
		DF22E3231D6D78EA0005ABAE /* TomTests */ = {
			isa = PBXNativeTarget;
			buildConfigurationList = DF22E3301D6D78EA0005ABAE /* Build configuration list for PBXNativeTarget "TomTests" */;
			buildPhases = (
				DF22E3201D6D78EA0005ABAE /* Sources */,
				DF22E3211D6D78EA0005ABAE /* Frameworks */,
				DF22E3221D6D78EA0005ABAE /* Resources */,
			);
			buildRules = (
			);
			dependencies = (
				DF22E3261D6D78EA0005ABAE /* PBXTargetDependency */,
			);
			name = TomTests;
			productName = TomTests;
			productReference = DF22E3241D6D78EA0005ABAE /* TomTests.xctest */;
			productType = "com.apple.product-type.bundle.unit-test";
		};
/* End PBXNativeTarget section */

/* Begin PBXProject section */
		DF22E3081D6D78EA0005ABAE /* Project object */ = {
			isa = PBXProject;
			attributes = {
				LastSwiftUpdateCheck = 0730;
				LastUpgradeCheck = 0730;
				ORGANIZATIONNAME = "Pix & Byte";
				TargetAttributes = {
					DF22E30F1D6D78EA0005ABAE = {
						CreatedOnToolsVersion = 7.3.1;
					};
					DF22E3231D6D78EA0005ABAE = {
						CreatedOnToolsVersion = 7.3.1;
						TestTargetID = DF22E30F1D6D78EA0005ABAE;
					};
				};
			};
			buildConfigurationList = DF22E30B1D6D78EA0005ABAE /* Build configuration list for PBXProject "Tom" */;
			compatibilityVersion = "Xcode 3.2";
			developmentRegion = English;
			hasScannedForEncodings = 0;
			knownRegions = (
				en,
				Base,
			);
			mainGroup = DF22E3071D6D78EA0005ABAE;
			productRefGroup = DF22E3111D6D78EA0005ABAE /* Products */;
			projectDirPath = "";
			projectRoot = "";
			targets = (
				DF22E30F1D6D78EA0005ABAE /* Tom */,
				DF22E3231D6D78EA0005ABAE /* TomTests */,
			);
		};
/* End PBXProject section */

/* Begin PBXResourcesBuildPhase section */
		DF22E30E1D6D78EA0005ABAE /* Resources */ = {
			isa = PBXResourcesBuildPhase;
			buildActionMask = 2147483647;
			files = (
				DF22E31E1D6D78EA0005ABAE /* LaunchScreen.storyboard in Resources */,
				DF22E31B1D6D78EA0005ABAE /* Assets.xcassets in Resources */,
				DF22E3191D6D78EA0005ABAE /* Main.storyboard in Resources */,
			);
			runOnlyForDeploymentPostprocessing = 0;
		};
		DF22E3221D6D78EA0005ABAE /* Resources */ = {
			isa = PBXResourcesBuildPhase;
			buildActionMask = 2147483647;
			files = (
			);
			runOnlyForDeploymentPostprocessing = 0;
		};
/* End PBXResourcesBuildPhase section */

/* Begin PBXSourcesBuildPhase section */
		DF22E30C1D6D78EA0005ABAE /* Sources */ = {
			isa = PBXSourcesBuildPhase;
			buildActionMask = 2147483647;
			files = (
				DF22E3161D6D78EA0005ABAE /* ViewController.swift in Sources */,
				DF22E3141D6D78EA0005ABAE /* AppDelegate.swift in Sources */,
			);
			runOnlyForDeploymentPostprocessing = 0;
		};
		DF22E3201D6D78EA0005ABAE /* Sources */ = {
			isa = PBXSourcesBuildPhase;
			buildActionMask = 2147483647;
			files = (
				DF22E3291D6D78EA0005ABAE /* TomTests.swift in Sources */,
			);
			runOnlyForDeploymentPostprocessing = 0;
		};
/* End PBXSourcesBuildPhase section */

/* Begin PBXTargetDependency section */
		DF22E3261D6D78EA0005ABAE /* PBXTargetDependency */ = {
			isa = PBXTargetDependency;
			target = DF22E30F1D6D78EA0005ABAE /* Tom */;
			targetProxy = DF22E3251D6D78EA0005ABAE /* PBXContainerItemProxy */;
		};
/* End PBXTargetDependency section */

/* Begin PBXVariantGroup section */
		DF22E3171D6D78EA0005ABAE /* Main.storyboard */ = {
			isa = PBXVariantGroup;
			children = (
				DF22E3181D6D78EA0005ABAE /* Base */,
			);
			name = Main.storyboard;
			sourceTree = "<group>";
		};
		DF22E31C1D6D78EA0005ABAE /* LaunchScreen.storyboard */ = {
			isa = PBXVariantGroup;
			children = (
				DF22E31D1D6D78EA0005ABAE /* Base */,
			);
			name = LaunchScreen.storyboard;
			sourceTree = "<group>";
		};
/* End PBXVariantGroup section */

/* Begin XCBuildConfiguration section */
		DF22E32B1D6D78EA0005ABAE /* Debug */ = {
			isa = XCBuildConfiguration;
			buildSettings = {
				ALWAYS_SEARCH_USER_PATHS = NO;
				CLANG_ANALYZER_NONNULL = YES;
				CLANG_CXX_LANGUAGE_STANDARD = "gnu++0x";
				CLANG_CXX_LIBRARY = "libc++";
				CLANG_ENABLE_MODULES = YES;
				CLANG_ENABLE_OBJC_ARC = YES;
				CLANG_WARN_BOOL_CONVERSION = YES;
				CLANG_WARN_CONSTANT_CONVERSION = YES;
				CLANG_WARN_DIRECT_OBJC_ISA_USAGE = YES_ERROR;
				CLANG_WARN_EMPTY_BODY = YES;
				CLANG_WARN_ENUM_CONVERSION = YES;
				CLANG_WARN_INT_CONVERSION = YES;
				CLANG_WARN_OBJC_ROOT_CLASS = YES_ERROR;
				CLANG_WARN_UNREACHABLE_CODE = YES;
				CLANG_WARN__DUPLICATE_METHOD_MATCH = YES;
				"CODE_SIGN_IDENTITY[sdk=iphoneos*]" = "iPhone Developer";
				COPY_PHASE_STRIP = NO;
				DEBUG_INFORMATION_FORMAT = dwarf;
				ENABLE_STRICT_OBJC_MSGSEND = YES;
				ENABLE_TESTABILITY = YES;
				GCC_C_LANGUAGE_STANDARD = gnu99;
				GCC_DYNAMIC_NO_PIC = NO;
				GCC_NO_COMMON_BLOCKS = YES;
				GCC_OPTIMIZATION_LEVEL = 0;
				GCC_PREPROCESSOR_DEFINITIONS = (
					"DEBUG=1",
					"$(inherited)",
				);
				GCC_WARN_64_TO_32_BIT_CONVERSION = YES;
				GCC_WARN_ABOUT_RETURN_TYPE = YES_ERROR;
				GCC_WARN_UNDECLARED_SELECTOR = YES;
				GCC_WARN_UNINITIALIZED_AUTOS = YES_AGGRESSIVE;
				GCC_WARN_UNUSED_FUNCTION = YES;
				GCC_WARN_UNUSED_VARIABLE = YES;
				IPHONEOS_DEPLOYMENT_TARGET = 9.3;
				MTL_ENABLE_DEBUG_INFO = YES;
				ONLY_ACTIVE_ARCH = YES;
				SDKROOT = iphoneos;
				SWIFT_OPTIMIZATION_LEVEL = "-Onone";
			};
			name = Debug;
		};
		DF22E32C1D6D78EA0005ABAE /* Release */ = {
			isa = XCBuildConfiguration;
			buildSettings = {
				ALWAYS_SEARCH_USER_PATHS = NO;
				CLANG_ANALYZER_NONNULL = YES;
				CLANG_CXX_LANGUAGE_STANDARD = "gnu++0x";
				CLANG_CXX_LIBRARY = "libc++";
				CLANG_ENABLE_MODULES = YES;
				CLANG_ENABLE_OBJC_ARC = YES;
				CLANG_WARN_BOOL_CONVERSION = YES;
				CLANG_WARN_CONSTANT_CONVERSION = YES;
				CLANG_WARN_DIRECT_OBJC_ISA_USAGE = YES_ERROR;
				CLANG_WARN_EMPTY_BODY = YES;
				CLANG_WARN_ENUM_CONVERSION = YES;
				CLANG_WARN_INT_CONVERSION = YES;
				CLANG_WARN_OBJC_ROOT_CLASS = YES_ERROR;
				CLANG_WARN_UNREACHABLE_CODE = YES;
				CLANG_WARN__DUPLICATE_METHOD_MATCH = YES;
				"CODE_SIGN_IDENTITY[sdk=iphoneos*]" = "iPhone Developer";
				COPY_PHASE_STRIP = NO;
				DEBUG_INFORMATION_FORMAT = "dwarf-with-dsym";
				ENABLE_NS_ASSERTIONS = NO;
				ENABLE_STRICT_OBJC_MSGSEND = YES;
				GCC_C_LANGUAGE_STANDARD = gnu99;
				GCC_NO_COMMON_BLOCKS = YES;
				GCC_WARN_64_TO_32_BIT_CONVERSION = YES;
				GCC_WARN_ABOUT_RETURN_TYPE = YES_ERROR;
				GCC_WARN_UNDECLARED_SELECTOR = YES;
				GCC_WARN_UNINITIALIZED_AUTOS = YES_AGGRESSIVE;
				GCC_WARN_UNUSED_FUNCTION = YES;
				GCC_WARN_UNUSED_VARIABLE = YES;
				IPHONEOS_DEPLOYMENT_TARGET = 9.3;
				MTL_ENABLE_DEBUG_INFO = NO;
				SDKROOT = iphoneos;
				VALIDATE_PRODUCT = YES;
			};
			name = Release;
		};
		DF22E32E1D6D78EA0005ABAE /* Debug */ = {
			isa = XCBuildConfiguration;
			buildSettings = {
				ASSETCATALOG_COMPILER_APPICON_NAME = AppIcon;
				INFOPLIST_FILE = Tom/Info.plist;
				LD_RUNPATH_SEARCH_PATHS = "$(inherited) @executable_path/Frameworks";
				PRODUCT_BUNDLE_IDENTIFIER = com.pixandbyte.tom.Tom;
				PRODUCT_NAME = "$(TARGET_NAME)";
			};
			name = Debug;
		};
		DF22E32F1D6D78EA0005ABAE /* Release */ = {
			isa = XCBuildConfiguration;
			buildSettings = {
				ASSETCATALOG_COMPILER_APPICON_NAME = AppIcon;
				INFOPLIST_FILE = Tom/Info.plist;
				LD_RUNPATH_SEARCH_PATHS = "$(inherited) @executable_path/Frameworks";
				PRODUCT_BUNDLE_IDENTIFIER = com.pixandbyte.tom.Tom;
				PRODUCT_NAME = "$(TARGET_NAME)";
			};
			name = Release;
		};
		DF22E3311D6D78EA0005ABAE /* Debug */ = {
			isa = XCBuildConfiguration;
			buildSettings = {
				BUNDLE_LOADER = "$(TEST_HOST)";
				INFOPLIST_FILE = TomTests/Info.plist;
				LD_RUNPATH_SEARCH_PATHS = "$(inherited) @executable_path/Frameworks @loader_path/Frameworks";
				PRODUCT_BUNDLE_IDENTIFIER = com.pixandbyte.tom.TomTests;
				PRODUCT_NAME = "$(TARGET_NAME)";
				TEST_HOST = "$(BUILT_PRODUCTS_DIR)/Tom.app/Tom";
			};
			name = Debug;
		};
		DF22E3321D6D78EA0005ABAE /* Release */ = {
			isa = XCBuildConfiguration;
			buildSettings = {
				BUNDLE_LOADER = "$(TEST_HOST)";
				INFOPLIST_FILE = TomTests/Info.plist;
				LD_RUNPATH_SEARCH_PATHS = "$(inherited) @executable_path/Frameworks @loader_path/Frameworks";
				PRODUCT_BUNDLE_IDENTIFIER = com.pixandbyte.tom.TomTests;
				PRODUCT_NAME = "$(TARGET_NAME)";
				TEST_HOST = "$(BUILT_PRODUCTS_DIR)/Tom.app/Tom";
			};
			name = Release;
		};
/* End XCBuildConfiguration section */

/* Begin XCConfigurationList section */
		DF22E30B1D6D78EA0005ABAE /* Build configuration list for PBXProject "Tom" */ = {
			isa = XCConfigurationList;
			buildConfigurations = (
				DF22E32B1D6D78EA0005ABAE /* Debug */,
				DF22E32C1D6D78EA0005ABAE /* Release */,
			);
			defaultConfigurationIsVisible = 0;
			defaultConfigurationName = Release;
		};
		DF22E32D1D6D78EA0005ABAE /* Build configuration list for PBXNativeTarget "Tom" */ = {
			isa = XCConfigurationList;
			buildConfigurations = (
				DF22E32E1D6D78EA0005ABAE /* Debug */,
				DF22E32F1D6D78EA0005ABAE /* Release */,
			);
			defaultConfigurationIsVisible = 0;
		};
		DF22E3301D6D78EA0005ABAE /* Build configuration list for PBXNativeTarget "TomTests" */ = {
			isa = XCConfigurationList;
			buildConfigurations = (
				DF22E3311D6D78EA0005ABAE /* Debug */,
				DF22E3321D6D78EA0005ABAE /* Release */,
			);
			defaultConfigurationIsVisible = 0;
		};
/* End XCConfigurationList section */
	};
	rootObject = DF22E3081D6D78EA0005ABAE /* Project object */;
}
