// !$*UTF8*$!
{
	archiveVersion = 1;
	classes = {
	};
	objectVersion = 46;
	objects = {

/* Begin PBXBuildFile section */
		7908CC243986779E593A8F16 /* Pods_HeroTests.framework in Frameworks */ = {isa = PBXBuildFile; fileRef = 25EFC6B948F6157DBB9C34DF /* Pods_HeroTests.framework */; };
		9F0D430CF675EC0C45E7462C /* Pods_Hero.framework in Frameworks */ = {isa = PBXBuildFile; fileRef = 58A2F5C897800327858B5757 /* Pods_Hero.framework */; };
		DF72E65B1D6F0F430074D064 /* AppDelegate.swift in Sources */ = {isa = PBXBuildFile; fileRef = DF72E64E1D6F0F430074D064 /* AppDelegate.swift */; };
		DF72E65C1D6F0F430074D064 /* Assets.xcassets in Resources */ = {isa = PBXBuildFile; fileRef = DF72E64F1D6F0F430074D064 /* Assets.xcassets */; };
		DF72E65D1D6F0F430074D064 /* LaunchScreen.storyboard in Resources */ = {isa = PBXBuildFile; fileRef = DF72E6501D6F0F430074D064 /* LaunchScreen.storyboard */; };
		DF72E65E1D6F0F430074D064 /* Main.storyboard in Resources */ = {isa = PBXBuildFile; fileRef = DF72E6521D6F0F430074D064 /* Main.storyboard */; };
		DF72E65F1D6F0F430074D064 /* BleManager.swift in Sources */ = {isa = PBXBuildFile; fileRef = DF72E6541D6F0F430074D064 /* BleManager.swift */; };
		DF72E6611D6F0F430074D064 /* MonitorViewController.swift in Sources */ = {isa = PBXBuildFile; fileRef = DF72E6561D6F0F430074D064 /* MonitorViewController.swift */; };
		DF72E6621D6F0F430074D064 /* PressureAlertEvent.swift in Sources */ = {isa = PBXBuildFile; fileRef = DF72E6581D6F0F430074D064 /* PressureAlertEvent.swift */; };
		DF72E6631D6F0F430074D064 /* PressureMeasurment.swift in Sources */ = {isa = PBXBuildFile; fileRef = DF72E6591D6F0F430074D064 /* PressureMeasurment.swift */; };
		DF72E6641D6F0F430074D064 /* PressurePeripheral.swift in Sources */ = {isa = PBXBuildFile; fileRef = DF72E65A1D6F0F430074D064 /* PressurePeripheral.swift */; };
		DF72E66A1D6F0F550074D064 /* Info.plist in Resources */ = {isa = PBXBuildFile; fileRef = DF72E6661D6F0F4D0074D064 /* Info.plist */; };
		DF72E66B1D6F0F550074D064 /* PressureMeasurementTests.swift in Sources */ = {isa = PBXBuildFile; fileRef = DF72E6671D6F0F4D0074D064 /* PressureMeasurementTests.swift */; };
		DF72E66D1D6F1BB40074D064 /* CurrentDevice.swift in Sources */ = {isa = PBXBuildFile; fileRef = DF72E66C1D6F1BB40074D064 /* CurrentDevice.swift */; };
/* End PBXBuildFile section */

/* Begin PBXContainerItemProxy section */
		DF22E3251D6D78EA0005ABAE /* PBXContainerItemProxy */ = {
			isa = PBXContainerItemProxy;
			containerPortal = DF22E3081D6D78EA0005ABAE /* Project object */;
			proxyType = 1;
			remoteGlobalIDString = DF22E30F1D6D78EA0005ABAE;
			remoteInfo = Tom;
		};
/* End PBXContainerItemProxy section */

/* Begin PBXFileReference section */
		25EFC6B948F6157DBB9C34DF /* Pods_HeroTests.framework */ = {isa = PBXFileReference; explicitFileType = wrapper.framework; includeInIndex = 0; path = Pods_HeroTests.framework; sourceTree = BUILT_PRODUCTS_DIR; };
		58A2F5C897800327858B5757 /* Pods_Hero.framework */ = {isa = PBXFileReference; explicitFileType = wrapper.framework; includeInIndex = 0; path = Pods_Hero.framework; sourceTree = BUILT_PRODUCTS_DIR; };
		5EC4FD010939FA2023FE2831 /* Pods-Hero.debug.xcconfig */ = {isa = PBXFileReference; includeInIndex = 1; lastKnownFileType = text.xcconfig; name = "Pods-Hero.debug.xcconfig"; path = "Pods/Target Support Files/Pods-Hero/Pods-Hero.debug.xcconfig"; sourceTree = "<group>"; };
		94B3F9F4860AEAE0CA53AA93 /* Pods-HeroTests.release.xcconfig */ = {isa = PBXFileReference; includeInIndex = 1; lastKnownFileType = text.xcconfig; name = "Pods-HeroTests.release.xcconfig"; path = "Pods/Target Support Files/Pods-HeroTests/Pods-HeroTests.release.xcconfig"; sourceTree = "<group>"; };
		DF22E3101D6D78EA0005ABAE /* Hero.app */ = {isa = PBXFileReference; explicitFileType = wrapper.application; includeInIndex = 0; path = Hero.app; sourceTree = BUILT_PRODUCTS_DIR; };
		DF22E3241D6D78EA0005ABAE /* Hero.xctest */ = {isa = PBXFileReference; explicitFileType = wrapper.cfbundle; includeInIndex = 0; path = Hero.xctest; sourceTree = BUILT_PRODUCTS_DIR; };
		DF72E64E1D6F0F430074D064 /* AppDelegate.swift */ = {isa = PBXFileReference; fileEncoding = 4; lastKnownFileType = sourcecode.swift; path = AppDelegate.swift; sourceTree = "<group>"; };
		DF72E64F1D6F0F430074D064 /* Assets.xcassets */ = {isa = PBXFileReference; lastKnownFileType = folder.assetcatalog; path = Assets.xcassets; sourceTree = "<group>"; };
		DF72E6511D6F0F430074D064 /* Base */ = {isa = PBXFileReference; lastKnownFileType = file.storyboard; name = Base; path = Base.lproj/LaunchScreen.storyboard; sourceTree = "<group>"; };
		DF72E6531D6F0F430074D064 /* Base */ = {isa = PBXFileReference; lastKnownFileType = file.storyboard; name = Base; path = Base.lproj/Main.storyboard; sourceTree = "<group>"; };
		DF72E6541D6F0F430074D064 /* BleManager.swift */ = {isa = PBXFileReference; fileEncoding = 4; lastKnownFileType = sourcecode.swift; path = BleManager.swift; sourceTree = "<group>"; };
		DF72E6551D6F0F430074D064 /* Info.plist */ = {isa = PBXFileReference; fileEncoding = 4; lastKnownFileType = text.plist.xml; path = Info.plist; sourceTree = "<group>"; };
		DF72E6561D6F0F430074D064 /* MonitorViewController.swift */ = {isa = PBXFileReference; fileEncoding = 4; lastKnownFileType = sourcecode.swift; path = MonitorViewController.swift; sourceTree = "<group>"; };
		DF72E6581D6F0F430074D064 /* PressureAlertEvent.swift */ = {isa = PBXFileReference; fileEncoding = 4; lastKnownFileType = sourcecode.swift; path = PressureAlertEvent.swift; sourceTree = "<group>"; };
		DF72E6591D6F0F430074D064 /* PressureMeasurment.swift */ = {isa = PBXFileReference; fileEncoding = 4; lastKnownFileType = sourcecode.swift; path = PressureMeasurment.swift; sourceTree = "<group>"; };
		DF72E65A1D6F0F430074D064 /* PressurePeripheral.swift */ = {isa = PBXFileReference; fileEncoding = 4; lastKnownFileType = sourcecode.swift; path = PressurePeripheral.swift; sourceTree = "<group>"; };
		DF72E6661D6F0F4D0074D064 /* Info.plist */ = {isa = PBXFileReference; fileEncoding = 4; lastKnownFileType = text.plist.xml; path = Info.plist; sourceTree = "<group>"; };
		DF72E6671D6F0F4D0074D064 /* PressureMeasurementTests.swift */ = {isa = PBXFileReference; fileEncoding = 4; lastKnownFileType = sourcecode.swift; path = PressureMeasurementTests.swift; sourceTree = "<group>"; };
		DF72E66C1D6F1BB40074D064 /* CurrentDevice.swift */ = {isa = PBXFileReference; fileEncoding = 4; lastKnownFileType = sourcecode.swift; path = CurrentDevice.swift; sourceTree = "<group>"; };
		E07381ED0587E3EA1CCF18AC /* Pods-HeroTests.debug.xcconfig */ = {isa = PBXFileReference; includeInIndex = 1; lastKnownFileType = text.xcconfig; name = "Pods-HeroTests.debug.xcconfig"; path = "Pods/Target Support Files/Pods-HeroTests/Pods-HeroTests.debug.xcconfig"; sourceTree = "<group>"; };
		E6A4C9C1BC78115C16AF485B /* Pods-Hero.release.xcconfig */ = {isa = PBXFileReference; includeInIndex = 1; lastKnownFileType = text.xcconfig; name = "Pods-Hero.release.xcconfig"; path = "Pods/Target Support Files/Pods-Hero/Pods-Hero.release.xcconfig"; sourceTree = "<group>"; };
/* End PBXFileReference section */

/* Begin PBXFrameworksBuildPhase section */
		DF22E30D1D6D78EA0005ABAE /* Frameworks */ = {
			isa = PBXFrameworksBuildPhase;
			buildActionMask = 2147483647;
			files = (
				9F0D430CF675EC0C45E7462C /* Pods_Hero.framework in Frameworks */,
			);
			runOnlyForDeploymentPostprocessing = 0;
		};
		DF22E3211D6D78EA0005ABAE /* Frameworks */ = {
			isa = PBXFrameworksBuildPhase;
			buildActionMask = 2147483647;
			files = (
				7908CC243986779E593A8F16 /* Pods_HeroTests.framework in Frameworks */,
			);
			runOnlyForDeploymentPostprocessing = 0;
		};
/* End PBXFrameworksBuildPhase section */

/* Begin PBXGroup section */
		54C2A9EAA5BC0F8B0B6967E1 /* Frameworks */ = {
			isa = PBXGroup;
			children = (
				58A2F5C897800327858B5757 /* Pods_Hero.framework */,
				25EFC6B948F6157DBB9C34DF /* Pods_HeroTests.framework */,
			);
			name = Frameworks;
			sourceTree = "<group>";
		};
		948439D1150DB2E9B3194576 /* Pods */ = {
			isa = PBXGroup;
			children = (
				5EC4FD010939FA2023FE2831 /* Pods-Hero.debug.xcconfig */,
				E6A4C9C1BC78115C16AF485B /* Pods-Hero.release.xcconfig */,
				E07381ED0587E3EA1CCF18AC /* Pods-HeroTests.debug.xcconfig */,
				94B3F9F4860AEAE0CA53AA93 /* Pods-HeroTests.release.xcconfig */,
			);
			name = Pods;
			sourceTree = "<group>";
		};
		DF22E3071D6D78EA0005ABAE = {
			isa = PBXGroup;
			children = (
				DF72E64D1D6F0F430074D064 /* Hero */,
				DF72E6651D6F0F4D0074D064 /* HeroTests */,
				DF22E3111D6D78EA0005ABAE /* Products */,
				948439D1150DB2E9B3194576 /* Pods */,
				54C2A9EAA5BC0F8B0B6967E1 /* Frameworks */,
			);
			sourceTree = "<group>";
		};
		DF22E3111D6D78EA0005ABAE /* Products */ = {
			isa = PBXGroup;
			children = (
				DF22E3101D6D78EA0005ABAE /* Hero.app */,
				DF22E3241D6D78EA0005ABAE /* Hero.xctest */,
			);
			name = Products;
			sourceTree = "<group>";
		};
		DF72E64D1D6F0F430074D064 /* Hero */ = {
			isa = PBXGroup;
			children = (
				DF72E64E1D6F0F430074D064 /* AppDelegate.swift */,
				DF72E6541D6F0F430074D064 /* BleManager.swift */,
				DF72E6561D6F0F430074D064 /* MonitorViewController.swift */,
				DF72E6581D6F0F430074D064 /* PressureAlertEvent.swift */,
				DF72E6591D6F0F430074D064 /* PressureMeasurment.swift */,
				DF72E65A1D6F0F430074D064 /* PressurePeripheral.swift */,
				DF72E64F1D6F0F430074D064 /* Assets.xcassets */,
				DF72E6501D6F0F430074D064 /* LaunchScreen.storyboard */,
				DF72E6521D6F0F430074D064 /* Main.storyboard */,
				DF72E6551D6F0F430074D064 /* Info.plist */,
				DF72E66C1D6F1BB40074D064 /* CurrentDevice.swift */,
			);
			path = Hero;
			sourceTree = "<group>";
		};
		DF72E6651D6F0F4D0074D064 /* HeroTests */ = {
			isa = PBXGroup;
			children = (
				DF72E6661D6F0F4D0074D064 /* Info.plist */,
				DF72E6671D6F0F4D0074D064 /* PressureMeasurementTests.swift */,
			);
			path = HeroTests;
			sourceTree = "<group>";
		};
/* End PBXGroup section */

/* Begin PBXNativeTarget section */
		DF22E30F1D6D78EA0005ABAE /* Hero */ = {
			isa = PBXNativeTarget;
			buildConfigurationList = DF22E32D1D6D78EA0005ABAE /* Build configuration list for PBXNativeTarget "Hero" */;
			buildPhases = (
				9E4ED27C76D5F3F23B6C310D /* [CP] Check Pods Manifest.lock */,
				DF22E30C1D6D78EA0005ABAE /* Sources */,
				DF22E30D1D6D78EA0005ABAE /* Frameworks */,
				DF22E30E1D6D78EA0005ABAE /* Resources */,
				3E4A88324581B322706F6993 /* [CP] Embed Pods Frameworks */,
				B597D5F046E8B6642AC8576E /* [CP] Copy Pods Resources */,
			);
			buildRules = (
			);
			dependencies = (
			);
			name = Hero;
			productName = Tom;
			productReference = DF22E3101D6D78EA0005ABAE /* Hero.app */;
			productType = "com.apple.product-type.application";
		};
		DF22E3231D6D78EA0005ABAE /* HeroTests */ = {
			isa = PBXNativeTarget;
			buildConfigurationList = DF22E3301D6D78EA0005ABAE /* Build configuration list for PBXNativeTarget "HeroTests" */;
			buildPhases = (
				A1BFCB0135C554694E7606A0 /* [CP] Check Pods Manifest.lock */,
				DF22E3201D6D78EA0005ABAE /* Sources */,
				DF22E3211D6D78EA0005ABAE /* Frameworks */,
				DF22E3221D6D78EA0005ABAE /* Resources */,
				622B61476878B12469296648 /* [CP] Embed Pods Frameworks */,
				39E2C96F6CFFBC1EB35C2DD6 /* [CP] Copy Pods Resources */,
			);
			buildRules = (
			);
			dependencies = (
				DF22E3261D6D78EA0005ABAE /* PBXTargetDependency */,
			);
			name = HeroTests;
			productName = TomTests;
			productReference = DF22E3241D6D78EA0005ABAE /* Hero.xctest */;
			productType = "com.apple.product-type.bundle.unit-test";
		};
/* End PBXNativeTarget section */

/* Begin PBXProject section */
		DF22E3081D6D78EA0005ABAE /* Project object */ = {
			isa = PBXProject;
			attributes = {
				LastSwiftUpdateCheck = 0730;
				LastUpgradeCheck = 0730;
				ORGANIZATIONNAME = "Pix & Byte";
				TargetAttributes = {
					DF22E30F1D6D78EA0005ABAE = {
						CreatedOnToolsVersion = 7.3.1;
					};
					DF22E3231D6D78EA0005ABAE = {
						CreatedOnToolsVersion = 7.3.1;
						TestTargetID = DF22E30F1D6D78EA0005ABAE;
					};
				};
			};
			buildConfigurationList = DF22E30B1D6D78EA0005ABAE /* Build configuration list for PBXProject "Hero" */;
			compatibilityVersion = "Xcode 3.2";
			developmentRegion = English;
			hasScannedForEncodings = 0;
			knownRegions = (
				en,
				Base,
			);
			mainGroup = DF22E3071D6D78EA0005ABAE;
			productRefGroup = DF22E3111D6D78EA0005ABAE /* Products */;
			projectDirPath = "";
			projectRoot = "";
			targets = (
				DF22E30F1D6D78EA0005ABAE /* Hero */,
				DF22E3231D6D78EA0005ABAE /* HeroTests */,
			);
		};
/* End PBXProject section */

/* Begin PBXResourcesBuildPhase section */
		DF22E30E1D6D78EA0005ABAE /* Resources */ = {
			isa = PBXResourcesBuildPhase;
			buildActionMask = 2147483647;
			files = (
				DF72E65E1D6F0F430074D064 /* Main.storyboard in Resources */,
				DF72E65C1D6F0F430074D064 /* Assets.xcassets in Resources */,
				DF72E65D1D6F0F430074D064 /* LaunchScreen.storyboard in Resources */,
			);
			runOnlyForDeploymentPostprocessing = 0;
		};
		DF22E3221D6D78EA0005ABAE /* Resources */ = {
			isa = PBXResourcesBuildPhase;
			buildActionMask = 2147483647;
			files = (
				DF72E66A1D6F0F550074D064 /* Info.plist in Resources */,
			);
			runOnlyForDeploymentPostprocessing = 0;
		};
/* End PBXResourcesBuildPhase section */

/* Begin PBXShellScriptBuildPhase section */
		39E2C96F6CFFBC1EB35C2DD6 /* [CP] Copy Pods Resources */ = {
			isa = PBXShellScriptBuildPhase;
			buildActionMask = 2147483647;
			files = (
			);
			inputPaths = (
			);
			name = "[CP] Copy Pods Resources";
			outputPaths = (
			);
			runOnlyForDeploymentPostprocessing = 0;
			shellPath = /bin/sh;
			shellScript = "\"${SRCROOT}/Pods/Target Support Files/Pods-HeroTests/Pods-HeroTests-resources.sh\"\n";
			showEnvVarsInLog = 0;
		};
		3E4A88324581B322706F6993 /* [CP] Embed Pods Frameworks */ = {
			isa = PBXShellScriptBuildPhase;
			buildActionMask = 2147483647;
			files = (
			);
			inputPaths = (
			);
			name = "[CP] Embed Pods Frameworks";
			outputPaths = (
			);
			runOnlyForDeploymentPostprocessing = 0;
			shellPath = /bin/sh;
			shellScript = "\"${SRCROOT}/Pods/Target Support Files/Pods-Hero/Pods-Hero-frameworks.sh\"\n";
			showEnvVarsInLog = 0;
		};
		622B61476878B12469296648 /* [CP] Embed Pods Frameworks */ = {
			isa = PBXShellScriptBuildPhase;
			buildActionMask = 2147483647;
			files = (
			);
			inputPaths = (
			);
			name = "[CP] Embed Pods Frameworks";
			outputPaths = (
			);
			runOnlyForDeploymentPostprocessing = 0;
			shellPath = /bin/sh;
			shellScript = "\"${SRCROOT}/Pods/Target Support Files/Pods-HeroTests/Pods-HeroTests-frameworks.sh\"\n";
			showEnvVarsInLog = 0;
		};
		9E4ED27C76D5F3F23B6C310D /* [CP] Check Pods Manifest.lock */ = {
			isa = PBXShellScriptBuildPhase;
			buildActionMask = 2147483647;
			files = (
			);
			inputPaths = (
			);
			name = "[CP] Check Pods Manifest.lock";
			outputPaths = (
			);
			runOnlyForDeploymentPostprocessing = 0;
			shellPath = /bin/sh;
			shellScript = "diff \"${PODS_ROOT}/../Podfile.lock\" \"${PODS_ROOT}/Manifest.lock\" > /dev/null\nif [[ $? != 0 ]] ; then\n    cat << EOM\nerror: The sandbox is not in sync with the Podfile.lock. Run 'pod install' or update your CocoaPods installation.\nEOM\n    exit 1\nfi\n";
			showEnvVarsInLog = 0;
		};
		A1BFCB0135C554694E7606A0 /* [CP] Check Pods Manifest.lock */ = {
			isa = PBXShellScriptBuildPhase;
			buildActionMask = 2147483647;
			files = (
			);
			inputPaths = (
			);
			name = "[CP] Check Pods Manifest.lock";
			outputPaths = (
			);
			runOnlyForDeploymentPostprocessing = 0;
			shellPath = /bin/sh;
			shellScript = "diff \"${PODS_ROOT}/../Podfile.lock\" \"${PODS_ROOT}/Manifest.lock\" > /dev/null\nif [[ $? != 0 ]] ; then\n    cat << EOM\nerror: The sandbox is not in sync with the Podfile.lock. Run 'pod install' or update your CocoaPods installation.\nEOM\n    exit 1\nfi\n";
			showEnvVarsInLog = 0;
		};
		B597D5F046E8B6642AC8576E /* [CP] Copy Pods Resources */ = {
			isa = PBXShellScriptBuildPhase;
			buildActionMask = 2147483647;
			files = (
			);
			inputPaths = (
			);
			name = "[CP] Copy Pods Resources";
			outputPaths = (
			);
			runOnlyForDeploymentPostprocessing = 0;
			shellPath = /bin/sh;
			shellScript = "\"${SRCROOT}/Pods/Target Support Files/Pods-Hero/Pods-Hero-resources.sh\"\n";
			showEnvVarsInLog = 0;
		};
/* End PBXShellScriptBuildPhase section */

/* Begin PBXSourcesBuildPhase section */
		DF22E30C1D6D78EA0005ABAE /* Sources */ = {
			isa = PBXSourcesBuildPhase;
			buildActionMask = 2147483647;
			files = (
				DF72E66D1D6F1BB40074D064 /* CurrentDevice.swift in Sources */,
				DF72E65B1D6F0F430074D064 /* AppDelegate.swift in Sources */,
				DF72E6631D6F0F430074D064 /* PressureMeasurment.swift in Sources */,
				DF72E6641D6F0F430074D064 /* PressurePeripheral.swift in Sources */,
				DF72E6611D6F0F430074D064 /* MonitorViewController.swift in Sources */,
				DF72E6621D6F0F430074D064 /* PressureAlertEvent.swift in Sources */,
				DF72E65F1D6F0F430074D064 /* BleManager.swift in Sources */,
			);
			runOnlyForDeploymentPostprocessing = 0;
		};
		DF22E3201D6D78EA0005ABAE /* Sources */ = {
			isa = PBXSourcesBuildPhase;
			buildActionMask = 2147483647;
			files = (
				DF72E66B1D6F0F550074D064 /* PressureMeasurementTests.swift in Sources */,
			);
			runOnlyForDeploymentPostprocessing = 0;
		};
/* End PBXSourcesBuildPhase section */

/* Begin PBXTargetDependency section */
		DF22E3261D6D78EA0005ABAE /* PBXTargetDependency */ = {
			isa = PBXTargetDependency;
			target = DF22E30F1D6D78EA0005ABAE /* Hero */;
			targetProxy = DF22E3251D6D78EA0005ABAE /* PBXContainerItemProxy */;
		};
/* End PBXTargetDependency section */

/* Begin PBXVariantGroup section */
		DF72E6501D6F0F430074D064 /* LaunchScreen.storyboard */ = {
			isa = PBXVariantGroup;
			children = (
				DF72E6511D6F0F430074D064 /* Base */,
			);
			name = LaunchScreen.storyboard;
			sourceTree = "<group>";
		};
		DF72E6521D6F0F430074D064 /* Main.storyboard */ = {
			isa = PBXVariantGroup;
			children = (
				DF72E6531D6F0F430074D064 /* Base */,
			);
			name = Main.storyboard;
			sourceTree = "<group>";
		};
/* End PBXVariantGroup section */

/* Begin XCBuildConfiguration section */
		DF22E32B1D6D78EA0005ABAE /* Debug */ = {
			isa = XCBuildConfiguration;
			buildSettings = {
				ALWAYS_SEARCH_USER_PATHS = NO;
				CLANG_ANALYZER_NONNULL = YES;
				CLANG_CXX_LANGUAGE_STANDARD = "gnu++0x";
				CLANG_CXX_LIBRARY = "libc++";
				CLANG_ENABLE_MODULES = YES;
				CLANG_ENABLE_OBJC_ARC = YES;
				CLANG_WARN_BOOL_CONVERSION = YES;
				CLANG_WARN_CONSTANT_CONVERSION = YES;
				CLANG_WARN_DIRECT_OBJC_ISA_USAGE = YES_ERROR;
				CLANG_WARN_EMPTY_BODY = YES;
				CLANG_WARN_ENUM_CONVERSION = YES;
				CLANG_WARN_INT_CONVERSION = YES;
				CLANG_WARN_OBJC_ROOT_CLASS = YES_ERROR;
				CLANG_WARN_UNREACHABLE_CODE = YES;
				CLANG_WARN__DUPLICATE_METHOD_MATCH = YES;
				"CODE_SIGN_IDENTITY[sdk=iphoneos*]" = "iPhone Developer";
				COPY_PHASE_STRIP = NO;
				DEBUG_INFORMATION_FORMAT = dwarf;
				ENABLE_STRICT_OBJC_MSGSEND = YES;
				ENABLE_TESTABILITY = YES;
				GCC_C_LANGUAGE_STANDARD = gnu99;
				GCC_DYNAMIC_NO_PIC = NO;
				GCC_NO_COMMON_BLOCKS = YES;
				GCC_OPTIMIZATION_LEVEL = 0;
				GCC_PREPROCESSOR_DEFINITIONS = (
					"DEBUG=1",
					"$(inherited)",
				);
				GCC_WARN_64_TO_32_BIT_CONVERSION = YES;
				GCC_WARN_ABOUT_RETURN_TYPE = YES_ERROR;
				GCC_WARN_UNDECLARED_SELECTOR = YES;
				GCC_WARN_UNINITIALIZED_AUTOS = YES_AGGRESSIVE;
				GCC_WARN_UNUSED_FUNCTION = YES;
				GCC_WARN_UNUSED_VARIABLE = YES;
				IPHONEOS_DEPLOYMENT_TARGET = 9.3;
				MTL_ENABLE_DEBUG_INFO = YES;
				ONLY_ACTIVE_ARCH = YES;
				OTHER_SWIFT_FLAGS = "-DDEBUG";
				SDKROOT = iphoneos;
				SWIFT_OPTIMIZATION_LEVEL = "-Onone";
			};
			name = Debug;
		};
		DF22E32C1D6D78EA0005ABAE /* Release */ = {
			isa = XCBuildConfiguration;
			buildSettings = {
				ALWAYS_SEARCH_USER_PATHS = NO;
				CLANG_ANALYZER_NONNULL = YES;
				CLANG_CXX_LANGUAGE_STANDARD = "gnu++0x";
				CLANG_CXX_LIBRARY = "libc++";
				CLANG_ENABLE_MODULES = YES;
				CLANG_ENABLE_OBJC_ARC = YES;
				CLANG_WARN_BOOL_CONVERSION = YES;
				CLANG_WARN_CONSTANT_CONVERSION = YES;
				CLANG_WARN_DIRECT_OBJC_ISA_USAGE = YES_ERROR;
				CLANG_WARN_EMPTY_BODY = YES;
				CLANG_WARN_ENUM_CONVERSION = YES;
				CLANG_WARN_INT_CONVERSION = YES;
				CLANG_WARN_OBJC_ROOT_CLASS = YES_ERROR;
				CLANG_WARN_UNREACHABLE_CODE = YES;
				CLANG_WARN__DUPLICATE_METHOD_MATCH = YES;
				"CODE_SIGN_IDENTITY[sdk=iphoneos*]" = "iPhone Developer";
				COPY_PHASE_STRIP = NO;
				DEBUG_INFORMATION_FORMAT = "dwarf-with-dsym";
				ENABLE_NS_ASSERTIONS = NO;
				ENABLE_STRICT_OBJC_MSGSEND = YES;
				GCC_C_LANGUAGE_STANDARD = gnu99;
				GCC_NO_COMMON_BLOCKS = YES;
				GCC_WARN_64_TO_32_BIT_CONVERSION = YES;
				GCC_WARN_ABOUT_RETURN_TYPE = YES_ERROR;
				GCC_WARN_UNDECLARED_SELECTOR = YES;
				GCC_WARN_UNINITIALIZED_AUTOS = YES_AGGRESSIVE;
				GCC_WARN_UNUSED_FUNCTION = YES;
				GCC_WARN_UNUSED_VARIABLE = YES;
				IPHONEOS_DEPLOYMENT_TARGET = 9.3;
				MTL_ENABLE_DEBUG_INFO = NO;
				OTHER_SWIFT_FLAGS = "";
				SDKROOT = iphoneos;
				VALIDATE_PRODUCT = YES;
			};
			name = Release;
		};
		DF22E32E1D6D78EA0005ABAE /* Debug */ = {
			isa = XCBuildConfiguration;
			baseConfigurationReference = 5EC4FD010939FA2023FE2831 /* Pods-Hero.debug.xcconfig */;
			buildSettings = {
				ASSETCATALOG_COMPILER_APPICON_NAME = AppIcon;
				INFOPLIST_FILE = "$(SRCROOT)/Hero/Info.plist";
				LD_RUNPATH_SEARCH_PATHS = "$(inherited) @executable_path/Frameworks";
				PRODUCT_BUNDLE_IDENTIFIER = com.pixandbyte.hero;
				PRODUCT_NAME = Hero;
			};
			name = Debug;
		};
		DF22E32F1D6D78EA0005ABAE /* Release */ = {
			isa = XCBuildConfiguration;
			baseConfigurationReference = E6A4C9C1BC78115C16AF485B /* Pods-Hero.release.xcconfig */;
			buildSettings = {
				ASSETCATALOG_COMPILER_APPICON_NAME = AppIcon;
				INFOPLIST_FILE = "$(SRCROOT)/Hero/Info.plist";
				LD_RUNPATH_SEARCH_PATHS = "$(inherited) @executable_path/Frameworks";
				PRODUCT_BUNDLE_IDENTIFIER = com.pixandbyte.hero;
				PRODUCT_NAME = Hero;
			};
			name = Release;
		};
		DF22E3311D6D78EA0005ABAE /* Debug */ = {
			isa = XCBuildConfiguration;
			baseConfigurationReference = E07381ED0587E3EA1CCF18AC /* Pods-HeroTests.debug.xcconfig */;
			buildSettings = {
				BUNDLE_LOADER = "$(TEST_HOST)";
				INFOPLIST_FILE = HeroTests/Info.plist;
				LD_RUNPATH_SEARCH_PATHS = "$(inherited) @executable_path/Frameworks @loader_path/Frameworks";
				PRODUCT_BUNDLE_IDENTIFIER = com.pixandbyte.tom.HeroTests;
				PRODUCT_NAME = Hero;
				TEST_HOST = "$(BUILT_PRODUCTS_DIR)/Hero.app/Hero";
			};
			name = Debug;
		};
		DF22E3321D6D78EA0005ABAE /* Release */ = {
			isa = XCBuildConfiguration;
			baseConfigurationReference = 94B3F9F4860AEAE0CA53AA93 /* Pods-HeroTests.release.xcconfig */;
			buildSettings = {
				BUNDLE_LOADER = "$(TEST_HOST)";
				INFOPLIST_FILE = HeroTests/Info.plist;
				LD_RUNPATH_SEARCH_PATHS = "$(inherited) @executable_path/Frameworks @loader_path/Frameworks";
				PRODUCT_BUNDLE_IDENTIFIER = com.pixandbyte.tom.HeroTests;
				PRODUCT_NAME = Hero;
				TEST_HOST = "$(BUILT_PRODUCTS_DIR)/Hero.app/Hero";
			};
			name = Release;
		};
/* End XCBuildConfiguration section */

/* Begin XCConfigurationList section */
		DF22E30B1D6D78EA0005ABAE /* Build configuration list for PBXProject "Hero" */ = {
			isa = XCConfigurationList;
			buildConfigurations = (
				DF22E32B1D6D78EA0005ABAE /* Debug */,
				DF22E32C1D6D78EA0005ABAE /* Release */,
			);
			defaultConfigurationIsVisible = 0;
			defaultConfigurationName = Release;
		};
		DF22E32D1D6D78EA0005ABAE /* Build configuration list for PBXNativeTarget "Hero" */ = {
			isa = XCConfigurationList;
			buildConfigurations = (
				DF22E32E1D6D78EA0005ABAE /* Debug */,
				DF22E32F1D6D78EA0005ABAE /* Release */,
			);
			defaultConfigurationIsVisible = 0;
			defaultConfigurationName = Release;
		};
		DF22E3301D6D78EA0005ABAE /* Build configuration list for PBXNativeTarget "HeroTests" */ = {
			isa = XCConfigurationList;
			buildConfigurations = (
				DF22E3311D6D78EA0005ABAE /* Debug */,
				DF22E3321D6D78EA0005ABAE /* Release */,
			);
			defaultConfigurationIsVisible = 0;
			defaultConfigurationName = Release;
		};
/* End XCConfigurationList section */
	};
	rootObject = DF22E3081D6D78EA0005ABAE /* Project object */;
}
